// !$*UTF8*$!
{
	archiveVersion = 1;
	classes = {
	};
	objectVersion = 46;
	objects = {

/* Begin PBXBuildFile section */
		8C2D75AD1E8377F1002347E8 /* AppDelegate.swift in Sources */ = {isa = PBXBuildFile; fileRef = 8C2D75AC1E8377F1002347E8 /* AppDelegate.swift */; };
		8C2D75AF1E8377F1002347E8 /* ViewController.swift in Sources */ = {isa = PBXBuildFile; fileRef = 8C2D75AE1E8377F1002347E8 /* ViewController.swift */; };
		8C2D75B21E8377F1002347E8 /* Main.storyboard in Resources */ = {isa = PBXBuildFile; fileRef = 8C2D75B01E8377F1002347E8 /* Main.storyboard */; };
		8C2D75B41E8377F1002347E8 /* Assets.xcassets in Resources */ = {isa = PBXBuildFile; fileRef = 8C2D75B31E8377F1002347E8 /* Assets.xcassets */; };
		8C2D75B71E8377F1002347E8 /* LaunchScreen.storyboard in Resources */ = {isa = PBXBuildFile; fileRef = 8C2D75B51E8377F1002347E8 /* LaunchScreen.storyboard */; };
		8C2D75C21E8377F1002347E8 /* XMGTVTests.swift in Sources */ = {isa = PBXBuildFile; fileRef = 8C2D75C11E8377F1002347E8 /* XMGTVTests.swift */; };
		8C2D75CD1E8377F1002347E8 /* XMGTVUITests.swift in Sources */ = {isa = PBXBuildFile; fileRef = 8C2D75CC1E8377F1002347E8 /* XMGTVUITests.swift */; };
		8C2D75E21E8378DF002347E8 /* MainViewController.swift in Sources */ = {isa = PBXBuildFile; fileRef = 8C2D75E11E8378DF002347E8 /* MainViewController.swift */; };
		8C2D75E41E839A5C002347E8 /* home.storyboard in Resources */ = {isa = PBXBuildFile; fileRef = 8C2D75E31E839A5C002347E8 /* home.storyboard */; };
		8C2D75E61E839AA4002347E8 /* discover.storyboard in Resources */ = {isa = PBXBuildFile; fileRef = 8C2D75E51E839AA4002347E8 /* discover.storyboard */; };
		8C2D75EA1E839C97002347E8 /* profile.storyboard in Resources */ = {isa = PBXBuildFile; fileRef = 8C2D75E91E839C97002347E8 /* profile.storyboard */; };
		8C2D75EC1E839D0B002347E8 /* rank.storyboard in Resources */ = {isa = PBXBuildFile; fileRef = 8C2D75EB1E839D0B002347E8 /* rank.storyboard */; };
/* End PBXBuildFile section */

/* Begin PBXContainerItemProxy section */
		8C2D75BE1E8377F1002347E8 /* PBXContainerItemProxy */ = {
			isa = PBXContainerItemProxy;
			containerPortal = 8C2D75A11E8377F1002347E8 /* Project object */;
			proxyType = 1;
			remoteGlobalIDString = 8C2D75A81E8377F1002347E8;
			remoteInfo = XMGTV;
		};
		8C2D75C91E8377F1002347E8 /* PBXContainerItemProxy */ = {
			isa = PBXContainerItemProxy;
			containerPortal = 8C2D75A11E8377F1002347E8 /* Project object */;
			proxyType = 1;
			remoteGlobalIDString = 8C2D75A81E8377F1002347E8;
			remoteInfo = XMGTV;
		};
/* End PBXContainerItemProxy section */

/* Begin PBXFileReference section */
		8C2D75A91E8377F1002347E8 /* XMGTV.app */ = {isa = PBXFileReference; explicitFileType = wrapper.application; includeInIndex = 0; path = XMGTV.app; sourceTree = BUILT_PRODUCTS_DIR; };
		8C2D75AC1E8377F1002347E8 /* AppDelegate.swift */ = {isa = PBXFileReference; lastKnownFileType = sourcecode.swift; path = AppDelegate.swift; sourceTree = "<group>"; };
		8C2D75AE1E8377F1002347E8 /* ViewController.swift */ = {isa = PBXFileReference; lastKnownFileType = sourcecode.swift; path = ViewController.swift; sourceTree = "<group>"; };
		8C2D75B11E8377F1002347E8 /* Base */ = {isa = PBXFileReference; lastKnownFileType = file.storyboard; name = Base; path = Base.lproj/Main.storyboard; sourceTree = "<group>"; };
		8C2D75B31E8377F1002347E8 /* Assets.xcassets */ = {isa = PBXFileReference; lastKnownFileType = folder.assetcatalog; path = Assets.xcassets; sourceTree = "<group>"; };
		8C2D75B61E8377F1002347E8 /* Base */ = {isa = PBXFileReference; lastKnownFileType = file.storyboard; name = Base; path = Base.lproj/LaunchScreen.storyboard; sourceTree = "<group>"; };
		8C2D75B81E8377F1002347E8 /* Info.plist */ = {isa = PBXFileReference; lastKnownFileType = text.plist.xml; path = Info.plist; sourceTree = "<group>"; };
		8C2D75BD1E8377F1002347E8 /* XMGTVTests.xctest */ = {isa = PBXFileReference; explicitFileType = wrapper.cfbundle; includeInIndex = 0; path = XMGTVTests.xctest; sourceTree = BUILT_PRODUCTS_DIR; };
		8C2D75C11E8377F1002347E8 /* XMGTVTests.swift */ = {isa = PBXFileReference; lastKnownFileType = sourcecode.swift; path = XMGTVTests.swift; sourceTree = "<group>"; };
		8C2D75C31E8377F1002347E8 /* Info.plist */ = {isa = PBXFileReference; lastKnownFileType = text.plist.xml; path = Info.plist; sourceTree = "<group>"; };
		8C2D75C81E8377F1002347E8 /* XMGTVUITests.xctest */ = {isa = PBXFileReference; explicitFileType = wrapper.cfbundle; includeInIndex = 0; path = XMGTVUITests.xctest; sourceTree = BUILT_PRODUCTS_DIR; };
		8C2D75CC1E8377F1002347E8 /* XMGTVUITests.swift */ = {isa = PBXFileReference; lastKnownFileType = sourcecode.swift; path = XMGTVUITests.swift; sourceTree = "<group>"; };
		8C2D75CE1E8377F1002347E8 /* Info.plist */ = {isa = PBXFileReference; lastKnownFileType = text.plist.xml; path = Info.plist; sourceTree = "<group>"; };
		8C2D75E11E8378DF002347E8 /* MainViewController.swift */ = {isa = PBXFileReference; fileEncoding = 4; lastKnownFileType = sourcecode.swift; path = MainViewController.swift; sourceTree = "<group>"; };
		8C2D75E31E839A5C002347E8 /* home.storyboard */ = {isa = PBXFileReference; fileEncoding = 4; lastKnownFileType = file.storyboard; path = home.storyboard; sourceTree = "<group>"; };
		8C2D75E51E839AA4002347E8 /* discover.storyboard */ = {isa = PBXFileReference; fileEncoding = 4; lastKnownFileType = file.storyboard; path = discover.storyboard; sourceTree = "<group>"; };
		8C2D75E91E839C97002347E8 /* profile.storyboard */ = {isa = PBXFileReference; fileEncoding = 4; lastKnownFileType = file.storyboard; path = profile.storyboard; sourceTree = "<group>"; };
		8C2D75EB1E839D0B002347E8 /* rank.storyboard */ = {isa = PBXFileReference; fileEncoding = 4; lastKnownFileType = file.storyboard; path = rank.storyboard; sourceTree = "<group>"; };
/* End PBXFileReference section */

/* Begin PBXFrameworksBuildPhase section */
		8C2D75A61E8377F1002347E8 /* Frameworks */ = {
			isa = PBXFrameworksBuildPhase;
			buildActionMask = 2147483647;
			files = (
			);
			runOnlyForDeploymentPostprocessing = 0;
		};
		8C2D75BA1E8377F1002347E8 /* Frameworks */ = {
			isa = PBXFrameworksBuildPhase;
			buildActionMask = 2147483647;
			files = (
			);
			runOnlyForDeploymentPostprocessing = 0;
		};
		8C2D75C51E8377F1002347E8 /* Frameworks */ = {
			isa = PBXFrameworksBuildPhase;
			buildActionMask = 2147483647;
			files = (
			);
			runOnlyForDeploymentPostprocessing = 0;
		};
/* End PBXFrameworksBuildPhase section */

/* Begin PBXGroup section */
		8C2D75A01E8377F1002347E8 = {
			isa = PBXGroup;
			children = (
				8C2D75AB1E8377F1002347E8 /* XMGTV */,
				8C2D75C01E8377F1002347E8 /* XMGTVTests */,
				8C2D75CB1E8377F1002347E8 /* XMGTVUITests */,
				8C2D75AA1E8377F1002347E8 /* Products */,
			);
			sourceTree = "<group>";
		};
		8C2D75AA1E8377F1002347E8 /* Products */ = {
			isa = PBXGroup;
			children = (
				8C2D75A91E8377F1002347E8 /* XMGTV.app */,
				8C2D75BD1E8377F1002347E8 /* XMGTVTests.xctest */,
				8C2D75C81E8377F1002347E8 /* XMGTVUITests.xctest */,
			);
			name = Products;
			sourceTree = "<group>";
		};
		8C2D75AB1E8377F1002347E8 /* XMGTV */ = {
			isa = PBXGroup;
			children = (
				8C2D75DA1E83783C002347E8 /* Classes */,
				8C2D75AC1E8377F1002347E8 /* AppDelegate.swift */,
				8C2D75AE1E8377F1002347E8 /* ViewController.swift */,
				8C2D75B01E8377F1002347E8 /* Main.storyboard */,
				8C2D75B31E8377F1002347E8 /* Assets.xcassets */,
				8C2D75B51E8377F1002347E8 /* LaunchScreen.storyboard */,
				8C2D75B81E8377F1002347E8 /* Info.plist */,
			);
			path = XMGTV;
			sourceTree = "<group>";
		};
		8C2D75C01E8377F1002347E8 /* XMGTVTests */ = {
			isa = PBXGroup;
			children = (
				8C2D75C11E8377F1002347E8 /* XMGTVTests.swift */,
				8C2D75C31E8377F1002347E8 /* Info.plist */,
			);
			path = XMGTVTests;
			sourceTree = "<group>";
		};
		8C2D75CB1E8377F1002347E8 /* XMGTVUITests */ = {
			isa = PBXGroup;
			children = (
				8C2D75CC1E8377F1002347E8 /* XMGTVUITests.swift */,
				8C2D75CE1E8377F1002347E8 /* Info.plist */,
			);
			path = XMGTVUITests;
			sourceTree = "<group>";
		};
		8C2D75DA1E83783C002347E8 /* Classes */ = {
			isa = PBXGroup;
			children = (
				8C2D75DE1E83783C002347E8 /* Main */,
				8C2D75E01E83789A002347E8 /* Profile */,
				8C2D75DB1E83783C002347E8 /* Base */,
				8C2D75DC1E83783C002347E8 /* Discover */,
				8C2D75DD1E83783C002347E8 /* Home */,
				8C2D75DF1E83783C002347E8 /* Rank */,
			);
			path = Classes;
			sourceTree = "<group>";
		};
		8C2D75DB1E83783C002347E8 /* Base */ = {
			isa = PBXGroup;
			children = (
			);
			path = Base;
			sourceTree = "<group>";
		};
		8C2D75DC1E83783C002347E8 /* Discover */ = {
			isa = PBXGroup;
			children = (
				8C2D75E51E839AA4002347E8 /* discover.storyboard */,
			);
			path = Discover;
			sourceTree = "<group>";
		};
		8C2D75DD1E83783C002347E8 /* Home */ = {
			isa = PBXGroup;
			children = (
				8C2D75E31E839A5C002347E8 /* home.storyboard */,
			);
			path = Home;
			sourceTree = "<group>";
		};
		8C2D75DE1E83783C002347E8 /* Main */ = {
			isa = PBXGroup;
			children = (
				8C2D75E11E8378DF002347E8 /* MainViewController.swift */,
			);
			path = Main;
			sourceTree = "<group>";
		};
		8C2D75DF1E83783C002347E8 /* Rank */ = {
			isa = PBXGroup;
			children = (
				8C2D75EB1E839D0B002347E8 /* rank.storyboard */,
			);
			path = Rank;
			sourceTree = "<group>";
		};
		8C2D75E01E83789A002347E8 /* Profile */ = {
			isa = PBXGroup;
			children = (
				8C2D75E91E839C97002347E8 /* profile.storyboard */,
			);
			path = Profile;
			sourceTree = "<group>";
		};
/* End PBXGroup section */

/* Begin PBXNativeTarget section */
		8C2D75A81E8377F1002347E8 /* XMGTV */ = {
			isa = PBXNativeTarget;
			buildConfigurationList = 8C2D75D11E8377F1002347E8 /* Build configuration list for PBXNativeTarget "XMGTV" */;
			buildPhases = (
				8C2D75A51E8377F1002347E8 /* Sources */,
				8C2D75A61E8377F1002347E8 /* Frameworks */,
				8C2D75A71E8377F1002347E8 /* Resources */,
			);
			buildRules = (
			);
			dependencies = (
			);
			name = XMGTV;
			productName = XMGTV;
			productReference = 8C2D75A91E8377F1002347E8 /* XMGTV.app */;
			productType = "com.apple.product-type.application";
		};
		8C2D75BC1E8377F1002347E8 /* XMGTVTests */ = {
			isa = PBXNativeTarget;
			buildConfigurationList = 8C2D75D41E8377F1002347E8 /* Build configuration list for PBXNativeTarget "XMGTVTests" */;
			buildPhases = (
				8C2D75B91E8377F1002347E8 /* Sources */,
				8C2D75BA1E8377F1002347E8 /* Frameworks */,
				8C2D75BB1E8377F1002347E8 /* Resources */,
			);
			buildRules = (
			);
			dependencies = (
				8C2D75BF1E8377F1002347E8 /* PBXTargetDependency */,
			);
			name = XMGTVTests;
			productName = XMGTVTests;
			productReference = 8C2D75BD1E8377F1002347E8 /* XMGTVTests.xctest */;
			productType = "com.apple.product-type.bundle.unit-test";
		};
		8C2D75C71E8377F1002347E8 /* XMGTVUITests */ = {
			isa = PBXNativeTarget;
			buildConfigurationList = 8C2D75D71E8377F1002347E8 /* Build configuration list for PBXNativeTarget "XMGTVUITests" */;
			buildPhases = (
				8C2D75C41E8377F1002347E8 /* Sources */,
				8C2D75C51E8377F1002347E8 /* Frameworks */,
				8C2D75C61E8377F1002347E8 /* Resources */,
			);
			buildRules = (
			);
			dependencies = (
				8C2D75CA1E8377F1002347E8 /* PBXTargetDependency */,
			);
			name = XMGTVUITests;
			productName = XMGTVUITests;
			productReference = 8C2D75C81E8377F1002347E8 /* XMGTVUITests.xctest */;
			productType = "com.apple.product-type.bundle.ui-testing";
		};
/* End PBXNativeTarget section */

/* Begin PBXProject section */
		8C2D75A11E8377F1002347E8 /* Project object */ = {
			isa = PBXProject;
			attributes = {
				LastSwiftUpdateCheck = 0820;
				LastUpgradeCheck = 0820;
				ORGANIZATIONNAME = Xingqiubing;
				TargetAttributes = {
					8C2D75A81E8377F1002347E8 = {
						CreatedOnToolsVersion = 8.2.1;
						DevelopmentTeam = 3KS3H8N7Q3;
						ProvisioningStyle = Automatic;
					};
					8C2D75BC1E8377F1002347E8 = {
						CreatedOnToolsVersion = 8.2.1;
						DevelopmentTeam = 3KS3H8N7Q3;
						ProvisioningStyle = Automatic;
						TestTargetID = 8C2D75A81E8377F1002347E8;
					};
					8C2D75C71E8377F1002347E8 = {
						CreatedOnToolsVersion = 8.2.1;
						DevelopmentTeam = 3KS3H8N7Q3;
						ProvisioningStyle = Automatic;
						TestTargetID = 8C2D75A81E8377F1002347E8;
					};
				};
			};
			buildConfigurationList = 8C2D75A41E8377F1002347E8 /* Build configuration list for PBXProject "XMGTV" */;
			compatibilityVersion = "Xcode 3.2";
			developmentRegion = English;
			hasScannedForEncodings = 0;
			knownRegions = (
				en,
				Base,
			);
			mainGroup = 8C2D75A01E8377F1002347E8;
			productRefGroup = 8C2D75AA1E8377F1002347E8 /* Products */;
			projectDirPath = "";
			projectRoot = "";
			targets = (
				8C2D75A81E8377F1002347E8 /* XMGTV */,
				8C2D75BC1E8377F1002347E8 /* XMGTVTests */,
				8C2D75C71E8377F1002347E8 /* XMGTVUITests */,
			);
		};
/* End PBXProject section */

/* Begin PBXResourcesBuildPhase section */
		8C2D75A71E8377F1002347E8 /* Resources */ = {
			isa = PBXResourcesBuildPhase;
			buildActionMask = 2147483647;
			files = (
				8C2D75EA1E839C97002347E8 /* profile.storyboard in Resources */,
				8C2D75B71E8377F1002347E8 /* LaunchScreen.storyboard in Resources */,
				8C2D75EC1E839D0B002347E8 /* rank.storyboard in Resources */,
				8C2D75B41E8377F1002347E8 /* Assets.xcassets in Resources */,
				8C2D75E61E839AA4002347E8 /* discover.storyboard in Resources */,
				8C2D75B21E8377F1002347E8 /* Main.storyboard in Resources */,
				8C2D75E41E839A5C002347E8 /* home.storyboard in Resources */,
			);
			runOnlyForDeploymentPostprocessing = 0;
		};
		8C2D75BB1E8377F1002347E8 /* Resources */ = {
			isa = PBXResourcesBuildPhase;
			buildActionMask = 2147483647;
			files = (
			);
			runOnlyForDeploymentPostprocessing = 0;
		};
		8C2D75C61E8377F1002347E8 /* Resources */ = {
			isa = PBXResourcesBuildPhase;
			buildActionMask = 2147483647;
			files = (
			);
			runOnlyForDeploymentPostprocessing = 0;
		};
/* End PBXResourcesBuildPhase section */

/* Begin PBXSourcesBuildPhase section */
		8C2D75A51E8377F1002347E8 /* Sources */ = {
			isa = PBXSourcesBuildPhase;
			buildActionMask = 2147483647;
			files = (
				8C2D75E21E8378DF002347E8 /* MainViewController.swift in Sources */,
				8C2D75AF1E8377F1002347E8 /* ViewController.swift in Sources */,
				8C2D75AD1E8377F1002347E8 /* AppDelegate.swift in Sources */,
			);
			runOnlyForDeploymentPostprocessing = 0;
		};
		8C2D75B91E8377F1002347E8 /* Sources */ = {
			isa = PBXSourcesBuildPhase;
			buildActionMask = 2147483647;
			files = (
				8C2D75C21E8377F1002347E8 /* XMGTVTests.swift in Sources */,
			);
			runOnlyForDeploymentPostprocessing = 0;
		};
		8C2D75C41E8377F1002347E8 /* Sources */ = {
			isa = PBXSourcesBuildPhase;
			buildActionMask = 2147483647;
			files = (
				8C2D75CD1E8377F1002347E8 /* XMGTVUITests.swift in Sources */,
			);
			runOnlyForDeploymentPostprocessing = 0;
		};
/* End PBXSourcesBuildPhase section */

/* Begin PBXTargetDependency section */
		8C2D75BF1E8377F1002347E8 /* PBXTargetDependency */ = {
			isa = PBXTargetDependency;
			target = 8C2D75A81E8377F1002347E8 /* XMGTV */;
			targetProxy = 8C2D75BE1E8377F1002347E8 /* PBXContainerItemProxy */;
		};
		8C2D75CA1E8377F1002347E8 /* PBXTargetDependency */ = {
			isa = PBXTargetDependency;
			target = 8C2D75A81E8377F1002347E8 /* XMGTV */;
			targetProxy = 8C2D75C91E8377F1002347E8 /* PBXContainerItemProxy */;
		};
/* End PBXTargetDependency section */

/* Begin PBXVariantGroup section */
		8C2D75B01E8377F1002347E8 /* Main.storyboard */ = {
			isa = PBXVariantGroup;
			children = (
				8C2D75B11E8377F1002347E8 /* Base */,
			);
			name = Main.storyboard;
			sourceTree = "<group>";
		};
		8C2D75B51E8377F1002347E8 /* LaunchScreen.storyboard */ = {
			isa = PBXVariantGroup;
			children = (
				8C2D75B61E8377F1002347E8 /* Base */,
			);
			name = LaunchScreen.storyboard;
			sourceTree = "<group>";
		};
/* End PBXVariantGroup section */

/* Begin XCBuildConfiguration section */
		8C2D75CF1E8377F1002347E8 /* Debug */ = {
			isa = XCBuildConfiguration;
			buildSettings = {
				ALWAYS_SEARCH_USER_PATHS = NO;
				CLANG_ANALYZER_NONNULL = YES;
				CLANG_CXX_LANGUAGE_STANDARD = "gnu++0x";
				CLANG_CXX_LIBRARY = "libc++";
				CLANG_ENABLE_MODULES = YES;
				CLANG_ENABLE_OBJC_ARC = YES;
				CLANG_WARN_BOOL_CONVERSION = YES;
				CLANG_WARN_CONSTANT_CONVERSION = YES;
				CLANG_WARN_DIRECT_OBJC_ISA_USAGE = YES_ERROR;
				CLANG_WARN_DOCUMENTATION_COMMENTS = YES;
				CLANG_WARN_EMPTY_BODY = YES;
				CLANG_WARN_ENUM_CONVERSION = YES;
				CLANG_WARN_INFINITE_RECURSION = YES;
				CLANG_WARN_INT_CONVERSION = YES;
				CLANG_WARN_OBJC_ROOT_CLASS = YES_ERROR;
				CLANG_WARN_SUSPICIOUS_MOVE = YES;
				CLANG_WARN_UNREACHABLE_CODE = YES;
				CLANG_WARN__DUPLICATE_METHOD_MATCH = YES;
				"CODE_SIGN_IDENTITY[sdk=iphoneos*]" = "iPhone Developer";
				COPY_PHASE_STRIP = NO;
				DEBUG_INFORMATION_FORMAT = dwarf;
				ENABLE_STRICT_OBJC_MSGSEND = YES;
				ENABLE_TESTABILITY = YES;
				GCC_C_LANGUAGE_STANDARD = gnu99;
				GCC_DYNAMIC_NO_PIC = NO;
				GCC_NO_COMMON_BLOCKS = YES;
				GCC_OPTIMIZATION_LEVEL = 0;
				GCC_PREPROCESSOR_DEFINITIONS = (
					"DEBUG=1",
					"$(inherited)",
				);
				GCC_WARN_64_TO_32_BIT_CONVERSION = YES;
				GCC_WARN_ABOUT_RETURN_TYPE = YES_ERROR;
				GCC_WARN_UNDECLARED_SELECTOR = YES;
				GCC_WARN_UNINITIALIZED_AUTOS = YES_AGGRESSIVE;
				GCC_WARN_UNUSED_FUNCTION = YES;
				GCC_WARN_UNUSED_VARIABLE = YES;
				IPHONEOS_DEPLOYMENT_TARGET = 10.2;
				MTL_ENABLE_DEBUG_INFO = YES;
				ONLY_ACTIVE_ARCH = YES;
				SDKROOT = iphoneos;
				SWIFT_ACTIVE_COMPILATION_CONDITIONS = DEBUG;
				SWIFT_OPTIMIZATION_LEVEL = "-Onone";
				TARGETED_DEVICE_FAMILY = "1,2";
			};
			name = Debug;
		};
		8C2D75D01E8377F1002347E8 /* Release */ = {
			isa = XCBuildConfiguration;
			buildSettings = {
				ALWAYS_SEARCH_USER_PATHS = NO;
				CLANG_ANALYZER_NONNULL = YES;
				CLANG_CXX_LANGUAGE_STANDARD = "gnu++0x";
				CLANG_CXX_LIBRARY = "libc++";
				CLANG_ENABLE_MODULES = YES;
				CLANG_ENABLE_OBJC_ARC = YES;
				CLANG_WARN_BOOL_CONVERSION = YES;
				CLANG_WARN_CONSTANT_CONVERSION = YES;
				CLANG_WARN_DIRECT_OBJC_ISA_USAGE = YES_ERROR;
				CLANG_WARN_DOCUMENTATION_COMMENTS = YES;
				CLANG_WARN_EMPTY_BODY = YES;
				CLANG_WARN_ENUM_CONVERSION = YES;
				CLANG_WARN_INFINITE_RECURSION = YES;
				CLANG_WARN_INT_CONVERSION = YES;
				CLANG_WARN_OBJC_ROOT_CLASS = YES_ERROR;
				CLANG_WARN_SUSPICIOUS_MOVE = YES;
				CLANG_WARN_UNREACHABLE_CODE = YES;
				CLANG_WARN__DUPLICATE_METHOD_MATCH = YES;
				"CODE_SIGN_IDENTITY[sdk=iphoneos*]" = "iPhone Developer";
				COPY_PHASE_STRIP = NO;
				DEBUG_INFORMATION_FORMAT = "dwarf-with-dsym";
				ENABLE_NS_ASSERTIONS = NO;
				ENABLE_STRICT_OBJC_MSGSEND = YES;
				GCC_C_LANGUAGE_STANDARD = gnu99;
				GCC_NO_COMMON_BLOCKS = YES;
				GCC_WARN_64_TO_32_BIT_CONVERSION = YES;
				GCC_WARN_ABOUT_RETURN_TYPE = YES_ERROR;
				GCC_WARN_UNDECLARED_SELECTOR = YES;
				GCC_WARN_UNINITIALIZED_AUTOS = YES_AGGRESSIVE;
				GCC_WARN_UNUSED_FUNCTION = YES;
				GCC_WARN_UNUSED_VARIABLE = YES;
				IPHONEOS_DEPLOYMENT_TARGET = 10.2;
				MTL_ENABLE_DEBUG_INFO = NO;
				SDKROOT = iphoneos;
				SWIFT_OPTIMIZATION_LEVEL = "-Owholemodule";
				TARGETED_DEVICE_FAMILY = "1,2";
				VALIDATE_PRODUCT = YES;
			};
			name = Release;
		};
		8C2D75D21E8377F1002347E8 /* Debug */ = {
			isa = XCBuildConfiguration;
			buildSettings = {
				ASSETCATALOG_COMPILER_APPICON_NAME = AppIcon;
				ASSETCATALOG_COMPILER_LAUNCHIMAGE_NAME = LaunchImage;
				DEVELOPMENT_TEAM = 3KS3H8N7Q3;
				INFOPLIST_FILE = XMGTV/Info.plist;
				LD_RUNPATH_SEARCH_PATHS = "$(inherited) @executable_path/Frameworks";
				PRODUCT_BUNDLE_IDENTIFIER = xingqiubing.XMGTV;
				PRODUCT_NAME = "$(TARGET_NAME)";
				SWIFT_VERSION = 3.0;
			};
			name = Debug;
		};
		8C2D75D31E8377F1002347E8 /* Release */ = {
			isa = XCBuildConfiguration;
			buildSettings = {
				ASSETCATALOG_COMPILER_APPICON_NAME = AppIcon;
				ASSETCATALOG_COMPILER_LAUNCHIMAGE_NAME = LaunchImage;
				DEVELOPMENT_TEAM = 3KS3H8N7Q3;
				INFOPLIST_FILE = XMGTV/Info.plist;
				LD_RUNPATH_SEARCH_PATHS = "$(inherited) @executable_path/Frameworks";
				PRODUCT_BUNDLE_IDENTIFIER = xingqiubing.XMGTV;
				PRODUCT_NAME = "$(TARGET_NAME)";
				SWIFT_VERSION = 3.0;
			};
			name = Release;
		};
		8C2D75D51E8377F1002347E8 /* Debug */ = {
			isa = XCBuildConfiguration;
			buildSettings = {
				ALWAYS_EMBED_SWIFT_STANDARD_LIBRARIES = YES;
				BUNDLE_LOADER = "$(TEST_HOST)";
				DEVELOPMENT_TEAM = 3KS3H8N7Q3;
				INFOPLIST_FILE = XMGTVTests/Info.plist;
				LD_RUNPATH_SEARCH_PATHS = "$(inherited) @executable_path/Frameworks @loader_path/Frameworks";
				PRODUCT_BUNDLE_IDENTIFIER = xingqiubing.XMGTVTests;
				PRODUCT_NAME = "$(TARGET_NAME)";
				SWIFT_VERSION = 3.0;
				TEST_HOST = "$(BUILT_PRODUCTS_DIR)/XMGTV.app/XMGTV";
			};
			name = Debug;
		};
		8C2D75D61E8377F1002347E8 /* Release */ = {
			isa = XCBuildConfiguration;
			buildSettings = {
				ALWAYS_EMBED_SWIFT_STANDARD_LIBRARIES = YES;
				BUNDLE_LOADER = "$(TEST_HOST)";
				DEVELOPMENT_TEAM = 3KS3H8N7Q3;
				INFOPLIST_FILE = XMGTVTests/Info.plist;
				LD_RUNPATH_SEARCH_PATHS = "$(inherited) @executable_path/Frameworks @loader_path/Frameworks";
				PRODUCT_BUNDLE_IDENTIFIER = xingqiubing.XMGTVTests;
				PRODUCT_NAME = "$(TARGET_NAME)";
				SWIFT_VERSION = 3.0;
				TEST_HOST = "$(BUILT_PRODUCTS_DIR)/XMGTV.app/XMGTV";
			};
			name = Release;
		};
		8C2D75D81E8377F1002347E8 /* Debug */ = {
			isa = XCBuildConfiguration;
			buildSettings = {
				ALWAYS_EMBED_SWIFT_STANDARD_LIBRARIES = YES;
				DEVELOPMENT_TEAM = 3KS3H8N7Q3;
				INFOPLIST_FILE = XMGTVUITests/Info.plist;
				LD_RUNPATH_SEARCH_PATHS = "$(inherited) @executable_path/Frameworks @loader_path/Frameworks";
				PRODUCT_BUNDLE_IDENTIFIER = xingqiubing.XMGTVUITests;
				PRODUCT_NAME = "$(TARGET_NAME)";
				SWIFT_VERSION = 3.0;
				TEST_TARGET_NAME = XMGTV;
			};
			name = Debug;
		};
		8C2D75D91E8377F1002347E8 /* Release */ = {
			isa = XCBuildConfiguration;
			buildSettings = {
				ALWAYS_EMBED_SWIFT_STANDARD_LIBRARIES = YES;
				DEVELOPMENT_TEAM = 3KS3H8N7Q3;
				INFOPLIST_FILE = XMGTVUITests/Info.plist;
				LD_RUNPATH_SEARCH_PATHS = "$(inherited) @executable_path/Frameworks @loader_path/Frameworks";
				PRODUCT_BUNDLE_IDENTIFIER = xingqiubing.XMGTVUITests;
				PRODUCT_NAME = "$(TARGET_NAME)";
				SWIFT_VERSION = 3.0;
				TEST_TARGET_NAME = XMGTV;
			};
			name = Release;
		};
/* End XCBuildConfiguration section */

/* Begin XCConfigurationList section */
		8C2D75A41E8377F1002347E8 /* Build configuration list for PBXProject "XMGTV" */ = {
			isa = XCConfigurationList;
			buildConfigurations = (
				8C2D75CF1E8377F1002347E8 /* Debug */,
				8C2D75D01E8377F1002347E8 /* Release */,
			);
			defaultConfigurationIsVisible = 0;
			defaultConfigurationName = Release;
		};
		8C2D75D11E8377F1002347E8 /* Build configuration list for PBXNativeTarget "XMGTV" */ = {
			isa = XCConfigurationList;
			buildConfigurations = (
				8C2D75D21E8377F1002347E8 /* Debug */,
				8C2D75D31E8377F1002347E8 /* Release */,
			);
			defaultConfigurationIsVisible = 0;
			defaultConfigurationName = Release;
		};
		8C2D75D41E8377F1002347E8 /* Build configuration list for PBXNativeTarget "XMGTVTests" */ = {
			isa = XCConfigurationList;
			buildConfigurations = (
				8C2D75D51E8377F1002347E8 /* Debug */,
				8C2D75D61E8377F1002347E8 /* Release */,
			);
			defaultConfigurationIsVisible = 0;
			defaultConfigurationName = Release;
		};
		8C2D75D71E8377F1002347E8 /* Build configuration list for PBXNativeTarget "XMGTVUITests" */ = {
			isa = XCConfigurationList;
			buildConfigurations = (
				8C2D75D81E8377F1002347E8 /* Debug */,
				8C2D75D91E8377F1002347E8 /* Release */,
			);
			defaultConfigurationIsVisible = 0;
			defaultConfigurationName = Release;
		};
/* End XCConfigurationList section */
	};
	rootObject = 8C2D75A11E8377F1002347E8 /* Project object */;
}
